
Microsoft Visual Studio Solution File, Format Version 12.00
# Visual Studio Version 17
VisualStudioVersion = 17.11.35312.102
MinimumVisualStudioVersion = 10.0.40219.1
Project("{FAE04EC0-301F-11D3-BF4B-00C04F79EFBC}") = "SigaApp", "SigaApp.csproj", "{BD7B82F0-3A99-4C12-96B5-E27A9CE2437C}"
EndProject
Global
	GlobalSection(SolutionConfigurationPlatforms) = preSolution
		Debug|Any CPU = Debug|Any CPU
		Release|Any CPU = Release|Any CPU
	EndGlobalSection
	GlobalSection(ProjectConfigurationPlatforms) = postSolution
		{BD7B82F0-3A99-4C12-96B5-E27A9CE2437C}.Debug|Any CPU.ActiveCfg = Debug|Any CPU
		{BD7B82F0-3A99-4C12-96B5-E27A9CE2437C}.Debug|Any CPU.Build.0 = Debug|Any CPU
		{BD7B82F0-3A99-4C12-96B5-E27A9CE2437C}.Release|Any CPU.ActiveCfg = Release|Any CPU
		{BD7B82F0-3A99-4C12-96B5-E27A9CE2437C}.Release|Any CPU.Build.0 = Release|Any CPU
	EndGlobalSection
	GlobalSection(SolutionProperties) = preSolution
		HideSolutionNode = FALSE
	EndGlobalSection
	GlobalSection(ExtensibilityGlobals) = postSolution
		SolutionGuid = {B68A1FD6-A071-44CB-AA0B-3AB3194EC487}
	EndGlobalSection
EndGlobal
